
Microsoft Visual Studio Solution File, Format Version 11.00
# Visual Studio 2010
Project("{FAE04EC0-301F-11D3-BF4B-00C04F79EFBC}") = "Walkies", "Walkies\Walkies.csproj", "{1B95A826-C07A-47D8-9126-23CAD96F6CEB}"
EndProject
Project("{FAE04EC0-301F-11D3-BF4B-00C04F79EFBC}") = "Walkies.Tests", "Walkies.Tests\Walkies.Tests.csproj", "{CF7A1982-AA18-41CF-82EA-B76AE11E70F0}"
EndProject
Global
	GlobalSection(SolutionConfigurationPlatforms) = preSolution
		Debug|Any CPU = Debug|Any CPU
		Release|Any CPU = Release|Any CPU
	EndGlobalSection
	GlobalSection(ProjectConfigurationPlatforms) = postSolution
		{1B95A826-C07A-47D8-9126-23CAD96F6CEB}.Debug|Any CPU.ActiveCfg = Debug|Any CPU
		{1B95A826-C07A-47D8-9126-23CAD96F6CEB}.Debug|Any CPU.Build.0 = Debug|Any CPU
		{1B95A826-C07A-47D8-9126-23CAD96F6CEB}.Release|Any CPU.ActiveCfg = Release|Any CPU
		{1B95A826-C07A-47D8-9126-23CAD96F6CEB}.Release|Any CPU.Build.0 = Release|Any CPU
		{CF7A1982-AA18-41CF-82EA-B76AE11E70F0}.Debug|Any CPU.ActiveCfg = Debug|Any CPU
		{CF7A1982-AA18-41CF-82EA-B76AE11E70F0}.Debug|Any CPU.Build.0 = Debug|Any CPU
		{CF7A1982-AA18-41CF-82EA-B76AE11E70F0}.Release|Any CPU.ActiveCfg = Release|Any CPU
		{CF7A1982-AA18-41CF-82EA-B76AE11E70F0}.Release|Any CPU.Build.0 = Release|Any CPU
	EndGlobalSection
	GlobalSection(SolutionProperties) = preSolution
		HideSolutionNode = FALSE
	EndGlobalSection
EndGlobal
